PODS:
  - AFNetworking (2.4.1):
    - AFNetworking/NSURLConnection
    - AFNetworking/NSURLSession
    - AFNetworking/Reachability
    - AFNetworking/Security
    - AFNetworking/Serialization
    - AFNetworking/UIKit
  - AFNetworking/NSURLConnection (2.4.1):
    - AFNetworking/Reachability
    - AFNetworking/Security
    - AFNetworking/Serialization
  - AFNetworking/NSURLSession (2.4.1):
    - AFNetworking/Reachability
    - AFNetworking/Security
    - AFNetworking/Serialization
  - AFNetworking/Reachability (2.4.1)
  - AFNetworking/Security (2.4.1)
  - AFNetworking/Serialization (2.4.1)
  - AFNetworking/UIKit (2.4.1):
    - AFNetworking/NSURLConnection
    - AFNetworking/NSURLSession
  - Expecta (0.2.4)
  - MBProgressHUD (0.9)
  - OCMock (3.0.2)
  - RealFakes (0.0.3):
    - AFNetworking (~> 2.0)
  - SimpleOAuth2 (0.0.2):
    - AFNetworking (~> 2.0)
  - Specta (0.3.0.beta1)
  - Swizzlean (0.2.0)

DEPENDENCIES:
  - Expecta (~> 0.2.1)
  - MBProgressHUD (~> 0.9)
  - OCMock (~> 3.0.2)
  - RealFakes
  - SimpleOAuth2 (= 0.0.2)
  - Specta (from `https://github.com/specta/specta.git`, tag `v0.3.0.beta1`)
  - Swizzlean (~> 0.2.0)

EXTERNAL SOURCES:
  Specta:
    :git: https://github.com/specta/specta.git
    :tag: v0.3.0.beta1

SPEC CHECKSUMS:
  AFNetworking: 0aabc6fae66d6e5d039eeb21c315843c7aae51ab
  Expecta: 112bcafa2304ee0f3c5e586505f24555a47b25d5
  MBProgressHUD: 2038dbcf3dce73215abed6001657043d53aa79a8
  OCMock: b9836ab89d8d5e66cbe6333f93857037c310ee62
  RealFakes: 6988e2819e873ff3b31155d8e067b387f2a810cd
  SimpleOAuth2: 9aa021b7a3840dae24a30453ab2c94c79ea6d784
  Specta: 63e8ac8e07db6675c7096d37f77a266a1be4c02d
  Swizzlean: dc03ad1d847a3748f456982b7ede4e3bad4a9630

COCOAPODS: 0.34.4
