// !$*UTF8*$!
{
	archiveVersion = 1;
	classes = {
	};
	objectVersion = 46;
	objects = {

/* Begin PBXBuildFile section */
		9449351D1EB563780010F65A /* DropboxSimpleOAuth.framework in Frameworks */ = {isa = PBXBuildFile; fileRef = 9449350C1EB563500010F65A /* DropboxSimpleOAuth.framework */; };
		944935301EB566260010F65A /* DropboxAuthenticationManager.h in Headers */ = {isa = PBXBuildFile; fileRef = 944935241EB566260010F65A /* DropboxAuthenticationManager.h */; };
		944935311EB566260010F65A /* DropboxAuthenticationManager.m in Sources */ = {isa = PBXBuildFile; fileRef = 944935251EB566260010F65A /* DropboxAuthenticationManager.m */; };
		944935321EB566260010F65A /* DropboxConstants.h in Headers */ = {isa = PBXBuildFile; fileRef = 944935261EB566260010F65A /* DropboxConstants.h */; };
		944935331EB566260010F65A /* DropboxConstants.m in Sources */ = {isa = PBXBuildFile; fileRef = 944935271EB566260010F65A /* DropboxConstants.m */; };
		944935341EB566260010F65A /* DropboxLoginResponse.h in Headers */ = {isa = PBXBuildFile; fileRef = 944935281EB566260010F65A /* DropboxLoginResponse.h */; settings = {ATTRIBUTES = (Public, ); }; };
		944935351EB566260010F65A /* DropboxLoginResponse.m in Sources */ = {isa = PBXBuildFile; fileRef = 944935291EB566260010F65A /* DropboxLoginResponse.m */; };
		944935361EB566260010F65A /* DropboxSimpleOAuth.h in Headers */ = {isa = PBXBuildFile; fileRef = 9449352A1EB566260010F65A /* DropboxSimpleOAuth.h */; settings = {ATTRIBUTES = (Public, ); }; };
		944935371EB566260010F65A /* DropboxSimpleOAuthViewController.h in Headers */ = {isa = PBXBuildFile; fileRef = 9449352B1EB566260010F65A /* DropboxSimpleOAuthViewController.h */; settings = {ATTRIBUTES = (Public, ); }; };
		944935381EB566260010F65A /* DropboxSimpleOAuthViewController.m in Sources */ = {isa = PBXBuildFile; fileRef = 9449352C1EB566260010F65A /* DropboxSimpleOAuthViewController.m */; };
		944935391EB566260010F65A /* DropboxSimpleOAuthViewController.xib in Resources */ = {isa = PBXBuildFile; fileRef = 9449352D1EB566260010F65A /* DropboxSimpleOAuthViewController.xib */; };
		9449353A1EB566260010F65A /* DropboxTokenParameters.h in Headers */ = {isa = PBXBuildFile; fileRef = 9449352E1EB566260010F65A /* DropboxTokenParameters.h */; };
		9449353B1EB566260010F65A /* DropboxTokenParameters.m in Sources */ = {isa = PBXBuildFile; fileRef = 9449352F1EB566260010F65A /* DropboxTokenParameters.m */; };
		94CE92391EB5686100648AAA /* AFNetworking.framework in Frameworks */ = {isa = PBXBuildFile; fileRef = 94CE92361EB5686100648AAA /* AFNetworking.framework */; };
		94CE923A1EB5686100648AAA /* MBProgressHUD.framework in Frameworks */ = {isa = PBXBuildFile; fileRef = 94CE92371EB5686100648AAA /* MBProgressHUD.framework */; };
		94CE923B1EB5686100648AAA /* SimpleOAuth2.framework in Frameworks */ = {isa = PBXBuildFile; fileRef = 94CE92381EB5686100648AAA /* SimpleOAuth2.framework */; };
		94CE92461EB569EE00648AAA /* main.m in Sources */ = {isa = PBXBuildFile; fileRef = 94CE92451EB569EE00648AAA /* main.m */; };
		94CE924F1EB569EE00648AAA /* Main.storyboard in Resources */ = {isa = PBXBuildFile; fileRef = 94CE924D1EB569EE00648AAA /* Main.storyboard */; };
		94CE92511EB569EE00648AAA /* Assets.xcassets in Resources */ = {isa = PBXBuildFile; fileRef = 94CE92501EB569EE00648AAA /* Assets.xcassets */; };
		94CE92541EB569EE00648AAA /* LaunchScreen.storyboard in Resources */ = {isa = PBXBuildFile; fileRef = 94CE92521EB569EE00648AAA /* LaunchScreen.storyboard */; };
		94CE925F1EB56AFE00648AAA /* JustAViewController.m in Sources */ = {isa = PBXBuildFile; fileRef = 94CE925C1EB56AFE00648AAA /* JustAViewController.m */; };
		94CE92601EB56AFE00648AAA /* MainViewController.m in Sources */ = {isa = PBXBuildFile; fileRef = 94CE925E1EB56AFE00648AAA /* MainViewController.m */; };
		94CE92631EB56B5300648AAA /* AppDelegate.m in Sources */ = {isa = PBXBuildFile; fileRef = 94CE92621EB56B5300648AAA /* AppDelegate.m */; };
		94CE92641EB56C8C00648AAA /* AFNetworking.framework in Frameworks */ = {isa = PBXBuildFile; fileRef = 94CE92361EB5686100648AAA /* AFNetworking.framework */; };
		94CE92651EB56C8C00648AAA /* AFNetworking.framework in Embed Frameworks */ = {isa = PBXBuildFile; fileRef = 94CE92361EB5686100648AAA /* AFNetworking.framework */; settings = {ATTRIBUTES = (CodeSignOnCopy, RemoveHeadersOnCopy, ); }; };
		94CE92661EB56C8C00648AAA /* MBProgressHUD.framework in Frameworks */ = {isa = PBXBuildFile; fileRef = 94CE92371EB5686100648AAA /* MBProgressHUD.framework */; };
		94CE92671EB56C8C00648AAA /* MBProgressHUD.framework in Embed Frameworks */ = {isa = PBXBuildFile; fileRef = 94CE92371EB5686100648AAA /* MBProgressHUD.framework */; settings = {ATTRIBUTES = (CodeSignOnCopy, RemoveHeadersOnCopy, ); }; };
		94CE92681EB56C8C00648AAA /* SimpleOAuth2.framework in Frameworks */ = {isa = PBXBuildFile; fileRef = 94CE92381EB5686100648AAA /* SimpleOAuth2.framework */; };
		94CE92691EB56C8C00648AAA /* SimpleOAuth2.framework in Embed Frameworks */ = {isa = PBXBuildFile; fileRef = 94CE92381EB5686100648AAA /* SimpleOAuth2.framework */; settings = {ATTRIBUTES = (CodeSignOnCopy, RemoveHeadersOnCopy, ); }; };
		94CE926A1EB56C8C00648AAA /* DropboxSimpleOAuth.framework in Frameworks */ = {isa = PBXBuildFile; fileRef = 9449350C1EB563500010F65A /* DropboxSimpleOAuth.framework */; };
		94CE926B1EB56C8C00648AAA /* DropboxSimpleOAuth.framework in Embed Frameworks */ = {isa = PBXBuildFile; fileRef = 9449350C1EB563500010F65A /* DropboxSimpleOAuth.framework */; settings = {ATTRIBUTES = (CodeSignOnCopy, RemoveHeadersOnCopy, ); }; };
		94CE92781EB56E4A00648AAA /* FakeDropboxAuthenticationManager.m in Sources */ = {isa = PBXBuildFile; fileRef = 94CE92731EB56E4A00648AAA /* FakeDropboxAuthenticationManager.m */; };
		94CE92791EB56E4A00648AAA /* FakeDropboxOAuthResponse.m in Sources */ = {isa = PBXBuildFile; fileRef = 94CE92751EB56E4A00648AAA /* FakeDropboxOAuthResponse.m */; };
		94CE927A1EB56E4A00648AAA /* FakeSimpleOAuth2AuthenticationManager.m in Sources */ = {isa = PBXBuildFile; fileRef = 94CE92771EB56E4A00648AAA /* FakeSimpleOAuth2AuthenticationManager.m */; };
		94CE927D1EB56E5D00648AAA /* NSLayoutConstraint+TestUtils.m in Sources */ = {isa = PBXBuildFile; fileRef = 94CE927C1EB56E5D00648AAA /* NSLayoutConstraint+TestUtils.m */; };
		94CE92831EB56E6900648AAA /* DropboxAuthenticationManagerSpecs.m in Sources */ = {isa = PBXBuildFile; fileRef = 94CE927E1EB56E6900648AAA /* DropboxAuthenticationManagerSpecs.m */; };
		94CE92841EB56E6900648AAA /* DropboxLoginResponseSpecs.m in Sources */ = {isa = PBXBuildFile; fileRef = 94CE927F1EB56E6900648AAA /* DropboxLoginResponseSpecs.m */; };
		94CE92871EB56E6900648AAA /* DropboxTokenParametersSpecs.m in Sources */ = {isa = PBXBuildFile; fileRef = 94CE92821EB56E6900648AAA /* DropboxTokenParametersSpecs.m */; };
		94CE92891EB570C600648AAA /* AFNetworking.framework in Carthage Copy Files */ = {isa = PBXBuildFile; fileRef = 94CE92361EB5686100648AAA /* AFNetworking.framework */; settings = {ATTRIBUTES = (CodeSignOnCopy, RemoveHeadersOnCopy, ); }; };
		94CE928A1EB570C600648AAA /* MBProgressHUD.framework in Carthage Copy Files */ = {isa = PBXBuildFile; fileRef = 94CE92371EB5686100648AAA /* MBProgressHUD.framework */; settings = {ATTRIBUTES = (CodeSignOnCopy, RemoveHeadersOnCopy, ); }; };
		94CE928B1EB570C600648AAA /* SimpleOAuth2.framework in Carthage Copy Files */ = {isa = PBXBuildFile; fileRef = 94CE92381EB5686100648AAA /* SimpleOAuth2.framework */; settings = {ATTRIBUTES = (CodeSignOnCopy, RemoveHeadersOnCopy, ); }; };
		94CE928C1EB570C600648AAA /* libPods-Specs.a in Carthage Copy Files */ = {isa = PBXBuildFile; fileRef = 7533FFBA81DE3DCB5BDB1B50 /* libPods-Specs.a */; };
		94CE928D1EB571CC00648AAA /* AFNetworking.framework in Frameworks */ = {isa = PBXBuildFile; fileRef = 94CE92361EB5686100648AAA /* AFNetworking.framework */; };
		94CE928E1EB571CC00648AAA /* MBProgressHUD.framework in Frameworks */ = {isa = PBXBuildFile; fileRef = 94CE92371EB5686100648AAA /* MBProgressHUD.framework */; };
		94CE928F1EB571CC00648AAA /* SimpleOAuth2.framework in Frameworks */ = {isa = PBXBuildFile; fileRef = 94CE92381EB5686100648AAA /* SimpleOAuth2.framework */; };
		94CE92911EB6294600648AAA /* DropboxSimpleOAuthViewControllerSpecs.m in Sources */ = {isa = PBXBuildFile; fileRef = 94CE92901EB6294600648AAA /* DropboxSimpleOAuthViewControllerSpecs.m */; };
		94CE92931EB62C2900648AAA /* DropboxSimpleOAuthViewControllerXibSpecs.m in Sources */ = {isa = PBXBuildFile; fileRef = 94CE92921EB62C2900648AAA /* DropboxSimpleOAuthViewControllerXibSpecs.m */; };
		D2D2AEF6BB25BEBF06E57C6D /* libPods-Specs.a in Frameworks */ = {isa = PBXBuildFile; fileRef = 7533FFBA81DE3DCB5BDB1B50 /* libPods-Specs.a */; };
/* End PBXBuildFile section */

/* Begin PBXContainerItemProxy section */
		9449351E1EB563780010F65A /* PBXContainerItemProxy */ = {
			isa = PBXContainerItemProxy;
			containerPortal = AF247CC419BDEFF500AF94CE /* Project object */;
			proxyType = 1;
			remoteGlobalIDString = 9449350B1EB563500010F65A;
			remoteInfo = DropboxSimpleOAuth;
		};
		94CE926C1EB56C8C00648AAA /* PBXContainerItemProxy */ = {
			isa = PBXContainerItemProxy;
			containerPortal = AF247CC419BDEFF500AF94CE /* Project object */;
			proxyType = 1;
			remoteGlobalIDString = 9449350B1EB563500010F65A;
			remoteInfo = DropboxSimpleOAuth;
		};
/* End PBXContainerItemProxy section */

/* Begin PBXCopyFilesBuildPhase section */
		94CE926E1EB56C8C00648AAA /* Embed Frameworks */ = {
			isa = PBXCopyFilesBuildPhase;
			buildActionMask = 2147483647;
			dstPath = "";
			dstSubfolderSpec = 10;
			files = (
				94CE92691EB56C8C00648AAA /* SimpleOAuth2.framework in Embed Frameworks */,
				94CE926B1EB56C8C00648AAA /* DropboxSimpleOAuth.framework in Embed Frameworks */,
				94CE92671EB56C8C00648AAA /* MBProgressHUD.framework in Embed Frameworks */,
				94CE92651EB56C8C00648AAA /* AFNetworking.framework in Embed Frameworks */,
			);
			name = "Embed Frameworks";
			runOnlyForDeploymentPostprocessing = 0;
		};
		94CE92881EB570AA00648AAA /* Carthage Copy Files */ = {
			isa = PBXCopyFilesBuildPhase;
			buildActionMask = 2147483647;
			dstPath = "";
			dstSubfolderSpec = 10;
			files = (
				94CE92891EB570C600648AAA /* AFNetworking.framework in Carthage Copy Files */,
				94CE928A1EB570C600648AAA /* MBProgressHUD.framework in Carthage Copy Files */,
				94CE928B1EB570C600648AAA /* SimpleOAuth2.framework in Carthage Copy Files */,
				94CE928C1EB570C600648AAA /* libPods-Specs.a in Carthage Copy Files */,
			);
			name = "Carthage Copy Files";
			runOnlyForDeploymentPostprocessing = 0;
		};
/* End PBXCopyFilesBuildPhase section */

/* Begin PBXFileReference section */
		09B47B185211B85E07784ED3 /* Pods-Specs.debug.xcconfig */ = {isa = PBXFileReference; includeInIndex = 1; lastKnownFileType = text.xcconfig; name = "Pods-Specs.debug.xcconfig"; path = "Pods/Target Support Files/Pods-Specs/Pods-Specs.debug.xcconfig"; sourceTree = "<group>"; };
		23991A46298353217654CF72 /* Pods-DropboxSimpleOAuthTests.debug.xcconfig */ = {isa = PBXFileReference; includeInIndex = 1; lastKnownFileType = text.xcconfig; name = "Pods-DropboxSimpleOAuthTests.debug.xcconfig"; path = "Pods/Target Support Files/Pods-DropboxSimpleOAuthTests/Pods-DropboxSimpleOAuthTests.debug.xcconfig"; sourceTree = "<group>"; };
		34134992317CF82F90130433 /* Pods-DropboxSimpleOAuth.debug.xcconfig */ = {isa = PBXFileReference; includeInIndex = 1; lastKnownFileType = text.xcconfig; name = "Pods-DropboxSimpleOAuth.debug.xcconfig"; path = "Pods/Target Support Files/Pods-DropboxSimpleOAuth/Pods-DropboxSimpleOAuth.debug.xcconfig"; sourceTree = "<group>"; };
		3FE444F425F4BA46E887DCFC /* Pods-DropboxSimpleOAuthTests.release.xcconfig */ = {isa = PBXFileReference; includeInIndex = 1; lastKnownFileType = text.xcconfig; name = "Pods-DropboxSimpleOAuthTests.release.xcconfig"; path = "Pods/Target Support Files/Pods-DropboxSimpleOAuthTests/Pods-DropboxSimpleOAuthTests.release.xcconfig"; sourceTree = "<group>"; };
		7533FFBA81DE3DCB5BDB1B50 /* libPods-Specs.a */ = {isa = PBXFileReference; explicitFileType = archive.ar; includeInIndex = 0; path = "libPods-Specs.a"; sourceTree = BUILT_PRODUCTS_DIR; };
		7C00ADCEF031B3DC44040CB3 /* Pods-DropboxSimpleOAuth.release.xcconfig */ = {isa = PBXFileReference; includeInIndex = 1; lastKnownFileType = text.xcconfig; name = "Pods-DropboxSimpleOAuth.release.xcconfig"; path = "Pods/Target Support Files/Pods-DropboxSimpleOAuth/Pods-DropboxSimpleOAuth.release.xcconfig"; sourceTree = "<group>"; };
		9449350C1EB563500010F65A /* DropboxSimpleOAuth.framework */ = {isa = PBXFileReference; explicitFileType = wrapper.framework; includeInIndex = 0; path = DropboxSimpleOAuth.framework; sourceTree = BUILT_PRODUCTS_DIR; };
		9449350F1EB563500010F65A /* Info.plist */ = {isa = PBXFileReference; lastKnownFileType = text.plist.xml; path = Info.plist; sourceTree = "<group>"; };
		944935181EB563780010F65A /* Specs.xctest */ = {isa = PBXFileReference; explicitFileType = wrapper.cfbundle; includeInIndex = 0; path = Specs.xctest; sourceTree = BUILT_PRODUCTS_DIR; };
		9449351C1EB563780010F65A /* Info.plist */ = {isa = PBXFileReference; lastKnownFileType = text.plist.xml; path = Info.plist; sourceTree = "<group>"; };
		944935241EB566260010F65A /* DropboxAuthenticationManager.h */ = {isa = PBXFileReference; fileEncoding = 4; lastKnownFileType = sourcecode.c.h; name = DropboxAuthenticationManager.h; path = Source/DropboxAuthenticationManager.h; sourceTree = "<group>"; };
		944935251EB566260010F65A /* DropboxAuthenticationManager.m */ = {isa = PBXFileReference; fileEncoding = 4; lastKnownFileType = sourcecode.c.objc; name = DropboxAuthenticationManager.m; path = Source/DropboxAuthenticationManager.m; sourceTree = "<group>"; };
		944935261EB566260010F65A /* DropboxConstants.h */ = {isa = PBXFileReference; fileEncoding = 4; lastKnownFileType = sourcecode.c.h; name = DropboxConstants.h; path = Source/DropboxConstants.h; sourceTree = "<group>"; };
		944935271EB566260010F65A /* DropboxConstants.m */ = {isa = PBXFileReference; fileEncoding = 4; lastKnownFileType = sourcecode.c.objc; name = DropboxConstants.m; path = Source/DropboxConstants.m; sourceTree = "<group>"; };
		944935281EB566260010F65A /* DropboxLoginResponse.h */ = {isa = PBXFileReference; fileEncoding = 4; lastKnownFileType = sourcecode.c.h; name = DropboxLoginResponse.h; path = Source/DropboxLoginResponse.h; sourceTree = "<group>"; };
		944935291EB566260010F65A /* DropboxLoginResponse.m */ = {isa = PBXFileReference; fileEncoding = 4; lastKnownFileType = sourcecode.c.objc; name = DropboxLoginResponse.m; path = Source/DropboxLoginResponse.m; sourceTree = "<group>"; };
		9449352A1EB566260010F65A /* DropboxSimpleOAuth.h */ = {isa = PBXFileReference; fileEncoding = 4; lastKnownFileType = sourcecode.c.h; name = DropboxSimpleOAuth.h; path = Source/DropboxSimpleOAuth.h; sourceTree = "<group>"; };
		9449352B1EB566260010F65A /* DropboxSimpleOAuthViewController.h */ = {isa = PBXFileReference; fileEncoding = 4; lastKnownFileType = sourcecode.c.h; name = DropboxSimpleOAuthViewController.h; path = Source/DropboxSimpleOAuthViewController.h; sourceTree = "<group>"; };
		9449352C1EB566260010F65A /* DropboxSimpleOAuthViewController.m */ = {isa = PBXFileReference; fileEncoding = 4; lastKnownFileType = sourcecode.c.objc; name = DropboxSimpleOAuthViewController.m; path = Source/DropboxSimpleOAuthViewController.m; sourceTree = "<group>"; };
		9449352D1EB566260010F65A /* DropboxSimpleOAuthViewController.xib */ = {isa = PBXFileReference; fileEncoding = 4; lastKnownFileType = file.xib; name = DropboxSimpleOAuthViewController.xib; path = Source/DropboxSimpleOAuthViewController.xib; sourceTree = "<group>"; };
		9449352E1EB566260010F65A /* DropboxTokenParameters.h */ = {isa = PBXFileReference; fileEncoding = 4; lastKnownFileType = sourcecode.c.h; name = DropboxTokenParameters.h; path = Source/DropboxTokenParameters.h; sourceTree = "<group>"; };
		9449352F1EB566260010F65A /* DropboxTokenParameters.m */ = {isa = PBXFileReference; fileEncoding = 4; lastKnownFileType = sourcecode.c.objc; name = DropboxTokenParameters.m; path = Source/DropboxTokenParameters.m; sourceTree = "<group>"; };
		94CE92361EB5686100648AAA /* AFNetworking.framework */ = {isa = PBXFileReference; lastKnownFileType = wrapper.framework; name = AFNetworking.framework; path = Carthage/Build/iOS/AFNetworking.framework; sourceTree = "<group>"; };
		94CE92371EB5686100648AAA /* MBProgressHUD.framework */ = {isa = PBXFileReference; lastKnownFileType = wrapper.framework; name = MBProgressHUD.framework; path = Carthage/Build/iOS/MBProgressHUD.framework; sourceTree = "<group>"; };
		94CE92381EB5686100648AAA /* SimpleOAuth2.framework */ = {isa = PBXFileReference; lastKnownFileType = wrapper.framework; name = SimpleOAuth2.framework; path = Carthage/Build/iOS/SimpleOAuth2.framework; sourceTree = "<group>"; };
		94CE92421EB569EE00648AAA /* DemoApp.app */ = {isa = PBXFileReference; explicitFileType = wrapper.application; includeInIndex = 0; path = DemoApp.app; sourceTree = BUILT_PRODUCTS_DIR; };
		94CE92451EB569EE00648AAA /* main.m */ = {isa = PBXFileReference; lastKnownFileType = sourcecode.c.objc; path = main.m; sourceTree = "<group>"; };
		94CE924E1EB569EE00648AAA /* Base */ = {isa = PBXFileReference; lastKnownFileType = file.storyboard; name = Base; path = Base.lproj/Main.storyboard; sourceTree = "<group>"; };
		94CE92501EB569EE00648AAA /* Assets.xcassets */ = {isa = PBXFileReference; lastKnownFileType = folder.assetcatalog; path = Assets.xcassets; sourceTree = "<group>"; };
		94CE92531EB569EE00648AAA /* Base */ = {isa = PBXFileReference; lastKnownFileType = file.storyboard; name = Base; path = Base.lproj/LaunchScreen.storyboard; sourceTree = "<group>"; };
		94CE92551EB569EE00648AAA /* Info.plist */ = {isa = PBXFileReference; lastKnownFileType = text.plist.xml; path = Info.plist; sourceTree = "<group>"; };
		94CE925B1EB56AFE00648AAA /* JustAViewController.h */ = {isa = PBXFileReference; fileEncoding = 4; lastKnownFileType = sourcecode.c.h; path = JustAViewController.h; sourceTree = "<group>"; };
		94CE925C1EB56AFE00648AAA /* JustAViewController.m */ = {isa = PBXFileReference; fileEncoding = 4; lastKnownFileType = sourcecode.c.objc; path = JustAViewController.m; sourceTree = "<group>"; };
		94CE925D1EB56AFE00648AAA /* MainViewController.h */ = {isa = PBXFileReference; fileEncoding = 4; lastKnownFileType = sourcecode.c.h; path = MainViewController.h; sourceTree = "<group>"; };
		94CE925E1EB56AFE00648AAA /* MainViewController.m */ = {isa = PBXFileReference; fileEncoding = 4; lastKnownFileType = sourcecode.c.objc; path = MainViewController.m; sourceTree = "<group>"; };
		94CE92611EB56B5300648AAA /* AppDelegate.h */ = {isa = PBXFileReference; fileEncoding = 4; lastKnownFileType = sourcecode.c.h; path = AppDelegate.h; sourceTree = "<group>"; };
		94CE92621EB56B5300648AAA /* AppDelegate.m */ = {isa = PBXFileReference; fileEncoding = 4; lastKnownFileType = sourcecode.c.objc; path = AppDelegate.m; sourceTree = "<group>"; };
		94CE92721EB56E4A00648AAA /* FakeDropboxAuthenticationManager.h */ = {isa = PBXFileReference; fileEncoding = 4; lastKnownFileType = sourcecode.c.h; path = FakeDropboxAuthenticationManager.h; sourceTree = "<group>"; };
		94CE92731EB56E4A00648AAA /* FakeDropboxAuthenticationManager.m */ = {isa = PBXFileReference; fileEncoding = 4; lastKnownFileType = sourcecode.c.objc; path = FakeDropboxAuthenticationManager.m; sourceTree = "<group>"; };
		94CE92741EB56E4A00648AAA /* FakeDropboxOAuthResponse.h */ = {isa = PBXFileReference; fileEncoding = 4; lastKnownFileType = sourcecode.c.h; path = FakeDropboxOAuthResponse.h; sourceTree = "<group>"; };
		94CE92751EB56E4A00648AAA /* FakeDropboxOAuthResponse.m */ = {isa = PBXFileReference; fileEncoding = 4; lastKnownFileType = sourcecode.c.objc; path = FakeDropboxOAuthResponse.m; sourceTree = "<group>"; };
		94CE92761EB56E4A00648AAA /* FakeSimpleOAuth2AuthenticationManager.h */ = {isa = PBXFileReference; fileEncoding = 4; lastKnownFileType = sourcecode.c.h; path = FakeSimpleOAuth2AuthenticationManager.h; sourceTree = "<group>"; };
		94CE92771EB56E4A00648AAA /* FakeSimpleOAuth2AuthenticationManager.m */ = {isa = PBXFileReference; fileEncoding = 4; lastKnownFileType = sourcecode.c.objc; path = FakeSimpleOAuth2AuthenticationManager.m; sourceTree = "<group>"; };
		94CE927B1EB56E5D00648AAA /* NSLayoutConstraint+TestUtils.h */ = {isa = PBXFileReference; fileEncoding = 4; lastKnownFileType = sourcecode.c.h; path = "NSLayoutConstraint+TestUtils.h"; sourceTree = "<group>"; };
		94CE927C1EB56E5D00648AAA /* NSLayoutConstraint+TestUtils.m */ = {isa = PBXFileReference; fileEncoding = 4; lastKnownFileType = sourcecode.c.objc; path = "NSLayoutConstraint+TestUtils.m"; sourceTree = "<group>"; };
		94CE927E1EB56E6900648AAA /* DropboxAuthenticationManagerSpecs.m */ = {isa = PBXFileReference; fileEncoding = 4; lastKnownFileType = sourcecode.c.objc; path = DropboxAuthenticationManagerSpecs.m; sourceTree = "<group>"; };
		94CE927F1EB56E6900648AAA /* DropboxLoginResponseSpecs.m */ = {isa = PBXFileReference; fileEncoding = 4; lastKnownFileType = sourcecode.c.objc; path = DropboxLoginResponseSpecs.m; sourceTree = "<group>"; };
		94CE92821EB56E6900648AAA /* DropboxTokenParametersSpecs.m */ = {isa = PBXFileReference; fileEncoding = 4; lastKnownFileType = sourcecode.c.objc; path = DropboxTokenParametersSpecs.m; sourceTree = "<group>"; };
		94CE92901EB6294600648AAA /* DropboxSimpleOAuthViewControllerSpecs.m */ = {isa = PBXFileReference; fileEncoding = 4; lastKnownFileType = sourcecode.c.objc; path = DropboxSimpleOAuthViewControllerSpecs.m; sourceTree = "<group>"; };
		94CE92921EB62C2900648AAA /* DropboxSimpleOAuthViewControllerXibSpecs.m */ = {isa = PBXFileReference; fileEncoding = 4; lastKnownFileType = sourcecode.c.objc; path = DropboxSimpleOAuthViewControllerXibSpecs.m; sourceTree = "<group>"; };
		D28FCBC21B2E22859884552A /* Pods-Specs.release.xcconfig */ = {isa = PBXFileReference; includeInIndex = 1; lastKnownFileType = text.xcconfig; name = "Pods-Specs.release.xcconfig"; path = "Pods/Target Support Files/Pods-Specs/Pods-Specs.release.xcconfig"; sourceTree = "<group>"; };
/* End PBXFileReference section */

/* Begin PBXFrameworksBuildPhase section */
		944935081EB563500010F65A /* Frameworks */ = {
			isa = PBXFrameworksBuildPhase;
			buildActionMask = 2147483647;
			files = (
				94CE92391EB5686100648AAA /* AFNetworking.framework in Frameworks */,
				94CE923A1EB5686100648AAA /* MBProgressHUD.framework in Frameworks */,
				94CE923B1EB5686100648AAA /* SimpleOAuth2.framework in Frameworks */,
			);
			runOnlyForDeploymentPostprocessing = 0;
		};
		944935151EB563780010F65A /* Frameworks */ = {
			isa = PBXFrameworksBuildPhase;
			buildActionMask = 2147483647;
			files = (
				94CE928D1EB571CC00648AAA /* AFNetworking.framework in Frameworks */,
				94CE928E1EB571CC00648AAA /* MBProgressHUD.framework in Frameworks */,
				94CE928F1EB571CC00648AAA /* SimpleOAuth2.framework in Frameworks */,
				9449351D1EB563780010F65A /* DropboxSimpleOAuth.framework in Frameworks */,
				D2D2AEF6BB25BEBF06E57C6D /* libPods-Specs.a in Frameworks */,
			);
			runOnlyForDeploymentPostprocessing = 0;
		};
		94CE923F1EB569EE00648AAA /* Frameworks */ = {
			isa = PBXFrameworksBuildPhase;
			buildActionMask = 2147483647;
			files = (
				94CE92681EB56C8C00648AAA /* SimpleOAuth2.framework in Frameworks */,
				94CE926A1EB56C8C00648AAA /* DropboxSimpleOAuth.framework in Frameworks */,
				94CE92661EB56C8C00648AAA /* MBProgressHUD.framework in Frameworks */,
				94CE92641EB56C8C00648AAA /* AFNetworking.framework in Frameworks */,
			);
			runOnlyForDeploymentPostprocessing = 0;
		};
/* End PBXFrameworksBuildPhase section */

/* Begin PBXGroup section */
		9449350D1EB563500010F65A /* DropboxSimpleOAuth */ = {
			isa = PBXGroup;
			children = (
				944935231EB565F20010F65A /* Source */,
				94CE923D1EB569A200648AAA /* Supporting Files */,
			);
			path = DropboxSimpleOAuth;
			sourceTree = "<group>";
		};
		944935191EB563780010F65A /* Specs */ = {
			isa = PBXGroup;
			children = (
				94CE926F1EB56D6100648AAA /* Fakes */,
				94CE92701EB56D6700648AAA /* Utils */,
				94CE92901EB6294600648AAA /* DropboxSimpleOAuthViewControllerSpecs.m */,
				94CE92921EB62C2900648AAA /* DropboxSimpleOAuthViewControllerXibSpecs.m */,
				94CE927E1EB56E6900648AAA /* DropboxAuthenticationManagerSpecs.m */,
				94CE927F1EB56E6900648AAA /* DropboxLoginResponseSpecs.m */,
				94CE92821EB56E6900648AAA /* DropboxTokenParametersSpecs.m */,
				94CE92711EB56E1F00648AAA /* Supporting Files */,
			);
			path = Specs;
			sourceTree = "<group>";
		};
		944935231EB565F20010F65A /* Source */ = {
			isa = PBXGroup;
			children = (
				9449352A1EB566260010F65A /* DropboxSimpleOAuth.h */,
				944935241EB566260010F65A /* DropboxAuthenticationManager.h */,
				944935251EB566260010F65A /* DropboxAuthenticationManager.m */,
				944935261EB566260010F65A /* DropboxConstants.h */,
				944935271EB566260010F65A /* DropboxConstants.m */,
				944935281EB566260010F65A /* DropboxLoginResponse.h */,
				944935291EB566260010F65A /* DropboxLoginResponse.m */,
				9449352B1EB566260010F65A /* DropboxSimpleOAuthViewController.h */,
				9449352C1EB566260010F65A /* DropboxSimpleOAuthViewController.m */,
				9449352D1EB566260010F65A /* DropboxSimpleOAuthViewController.xib */,
				9449352E1EB566260010F65A /* DropboxTokenParameters.h */,
				9449352F1EB566260010F65A /* DropboxTokenParameters.m */,
			);
			name = Source;
			sourceTree = "<group>";
		};
		94CE923D1EB569A200648AAA /* Supporting Files */ = {
			isa = PBXGroup;
			children = (
				9449350F1EB563500010F65A /* Info.plist */,
			);
			name = "Supporting Files";
			sourceTree = "<group>";
		};
		94CE92431EB569EE00648AAA /* DemoApp */ = {
			isa = PBXGroup;
			children = (
				94CE92591EB56A1200648AAA /* AppCode */,
				94CE925A1EB56A8F00648AAA /* Resources */,
				94CE924D1EB569EE00648AAA /* Main.storyboard */,
				94CE92441EB569EE00648AAA /* Supporting Files */,
			);
			path = DemoApp;
			sourceTree = "<group>";
		};
		94CE92441EB569EE00648AAA /* Supporting Files */ = {
			isa = PBXGroup;
			children = (
				94CE92551EB569EE00648AAA /* Info.plist */,
				94CE92451EB569EE00648AAA /* main.m */,
			);
			name = "Supporting Files";
			sourceTree = "<group>";
		};
		94CE92591EB56A1200648AAA /* AppCode */ = {
			isa = PBXGroup;
			children = (
				94CE92611EB56B5300648AAA /* AppDelegate.h */,
				94CE92621EB56B5300648AAA /* AppDelegate.m */,
				94CE925B1EB56AFE00648AAA /* JustAViewController.h */,
				94CE925C1EB56AFE00648AAA /* JustAViewController.m */,
				94CE925D1EB56AFE00648AAA /* MainViewController.h */,
				94CE925E1EB56AFE00648AAA /* MainViewController.m */,
			);
			name = AppCode;
			sourceTree = "<group>";
		};
		94CE925A1EB56A8F00648AAA /* Resources */ = {
			isa = PBXGroup;
			children = (
				94CE92521EB569EE00648AAA /* LaunchScreen.storyboard */,
				94CE92501EB569EE00648AAA /* Assets.xcassets */,
			);
			name = Resources;
			sourceTree = "<group>";
		};
		94CE926F1EB56D6100648AAA /* Fakes */ = {
			isa = PBXGroup;
			children = (
				94CE92721EB56E4A00648AAA /* FakeDropboxAuthenticationManager.h */,
				94CE92731EB56E4A00648AAA /* FakeDropboxAuthenticationManager.m */,
				94CE92741EB56E4A00648AAA /* FakeDropboxOAuthResponse.h */,
				94CE92751EB56E4A00648AAA /* FakeDropboxOAuthResponse.m */,
				94CE92761EB56E4A00648AAA /* FakeSimpleOAuth2AuthenticationManager.h */,
				94CE92771EB56E4A00648AAA /* FakeSimpleOAuth2AuthenticationManager.m */,
			);
			name = Fakes;
			sourceTree = "<group>";
		};
		94CE92701EB56D6700648AAA /* Utils */ = {
			isa = PBXGroup;
			children = (
				94CE927B1EB56E5D00648AAA /* NSLayoutConstraint+TestUtils.h */,
				94CE927C1EB56E5D00648AAA /* NSLayoutConstraint+TestUtils.m */,
			);
			name = Utils;
			sourceTree = "<group>";
		};
		94CE92711EB56E1F00648AAA /* Supporting Files */ = {
			isa = PBXGroup;
			children = (
				9449351C1EB563780010F65A /* Info.plist */,
			);
			name = "Supporting Files";
			sourceTree = "<group>";
		};
		AF247CC319BDEFF500AF94CE = {
			isa = PBXGroup;
			children = (
				94CE92431EB569EE00648AAA /* DemoApp */,
				9449350D1EB563500010F65A /* DropboxSimpleOAuth */,
				944935191EB563780010F65A /* Specs */,
				AF247CCE19BDEFF500AF94CE /* Frameworks */,
				AF247CCD19BDEFF500AF94CE /* Products */,
				D45D005B53F8F6DB3DEBC253 /* Pods */,
			);
			sourceTree = "<group>";
		};
		AF247CCD19BDEFF500AF94CE /* Products */ = {
			isa = PBXGroup;
			children = (
				9449350C1EB563500010F65A /* DropboxSimpleOAuth.framework */,
				944935181EB563780010F65A /* Specs.xctest */,
				94CE92421EB569EE00648AAA /* DemoApp.app */,
			);
			name = Products;
			sourceTree = "<group>";
		};
		AF247CCE19BDEFF500AF94CE /* Frameworks */ = {
			isa = PBXGroup;
			children = (
				94CE92361EB5686100648AAA /* AFNetworking.framework */,
				94CE92371EB5686100648AAA /* MBProgressHUD.framework */,
				94CE92381EB5686100648AAA /* SimpleOAuth2.framework */,
				7533FFBA81DE3DCB5BDB1B50 /* libPods-Specs.a */,
			);
			name = Frameworks;
			sourceTree = "<group>";
		};
		D45D005B53F8F6DB3DEBC253 /* Pods */ = {
			isa = PBXGroup;
			children = (
				23991A46298353217654CF72 /* Pods-DropboxSimpleOAuthTests.debug.xcconfig */,
				3FE444F425F4BA46E887DCFC /* Pods-DropboxSimpleOAuthTests.release.xcconfig */,
				34134992317CF82F90130433 /* Pods-DropboxSimpleOAuth.debug.xcconfig */,
				7C00ADCEF031B3DC44040CB3 /* Pods-DropboxSimpleOAuth.release.xcconfig */,
				09B47B185211B85E07784ED3 /* Pods-Specs.debug.xcconfig */,
				D28FCBC21B2E22859884552A /* Pods-Specs.release.xcconfig */,
			);
			name = Pods;
			sourceTree = "<group>";
		};
/* End PBXGroup section */

/* Begin PBXHeadersBuildPhase section */
		944935091EB563500010F65A /* Headers */ = {
			isa = PBXHeadersBuildPhase;
			buildActionMask = 2147483647;
			files = (
				944935361EB566260010F65A /* DropboxSimpleOAuth.h in Headers */,
				944935371EB566260010F65A /* DropboxSimpleOAuthViewController.h in Headers */,
				944935341EB566260010F65A /* DropboxLoginResponse.h in Headers */,
				944935301EB566260010F65A /* DropboxAuthenticationManager.h in Headers */,
				944935321EB566260010F65A /* DropboxConstants.h in Headers */,
				9449353A1EB566260010F65A /* DropboxTokenParameters.h in Headers */,
			);
			runOnlyForDeploymentPostprocessing = 0;
		};
/* End PBXHeadersBuildPhase section */

/* Begin PBXNativeTarget section */
		9449350B1EB563500010F65A /* DropboxSimpleOAuth */ = {
			isa = PBXNativeTarget;
			buildConfigurationList = 944935111EB563500010F65A /* Build configuration list for PBXNativeTarget "DropboxSimpleOAuth" */;
			buildPhases = (
				944935071EB563500010F65A /* Sources */,
				944935081EB563500010F65A /* Frameworks */,
				944935091EB563500010F65A /* Headers */,
				9449350A1EB563500010F65A /* Resources */,
			);
			buildRules = (
			);
			dependencies = (
			);
			name = DropboxSimpleOAuth;
			productName = DropboxSimpleOAuth;
			productReference = 9449350C1EB563500010F65A /* DropboxSimpleOAuth.framework */;
			productType = "com.apple.product-type.framework";
		};
		944935171EB563780010F65A /* Specs */ = {
			isa = PBXNativeTarget;
			buildConfigurationList = 944935201EB563780010F65A /* Build configuration list for PBXNativeTarget "Specs" */;
			buildPhases = (
				C35C93CD09AC79C1A35CB6A4 /* [CP] Check Pods Manifest.lock */,
				944935141EB563780010F65A /* Sources */,
				944935151EB563780010F65A /* Frameworks */,
				944935161EB563780010F65A /* Resources */,
				54406945E7F02D32C639351C /* [CP] Embed Pods Frameworks */,
				7103906964585E91989A4865 /* [CP] Copy Pods Resources */,
				94CE92881EB570AA00648AAA /* Carthage Copy Files */,
			);
			buildRules = (
			);
			dependencies = (
				9449351F1EB563780010F65A /* PBXTargetDependency */,
			);
			name = Specs;
			productName = Specs;
			productReference = 944935181EB563780010F65A /* Specs.xctest */;
			productType = "com.apple.product-type.bundle.unit-test";
		};
		94CE92411EB569EE00648AAA /* DemoApp */ = {
			isa = PBXNativeTarget;
			buildConfigurationList = 94CE92561EB569EE00648AAA /* Build configuration list for PBXNativeTarget "DemoApp" */;
			buildPhases = (
				94CE923E1EB569EE00648AAA /* Sources */,
				94CE923F1EB569EE00648AAA /* Frameworks */,
				94CE92401EB569EE00648AAA /* Resources */,
				94CE926E1EB56C8C00648AAA /* Embed Frameworks */,
			);
			buildRules = (
			);
			dependencies = (
				94CE926D1EB56C8C00648AAA /* PBXTargetDependency */,
			);
			name = DemoApp;
			productName = DemoApp;
			productReference = 94CE92421EB569EE00648AAA /* DemoApp.app */;
			productType = "com.apple.product-type.application";
		};
/* End PBXNativeTarget section */

/* Begin PBXProject section */
		AF247CC419BDEFF500AF94CE /* Project object */ = {
			isa = PBXProject;
			attributes = {
				LastUpgradeCheck = 0830;
				ORGANIZATIONNAME = RKB;
				TargetAttributes = {
					9449350B1EB563500010F65A = {
						CreatedOnToolsVersion = 8.3.2;
						ProvisioningStyle = Automatic;
					};
					944935171EB563780010F65A = {
						CreatedOnToolsVersion = 8.3.2;
						ProvisioningStyle = Automatic;
					};
					94CE92411EB569EE00648AAA = {
						CreatedOnToolsVersion = 8.3.2;
						ProvisioningStyle = Automatic;
					};
				};
			};
			buildConfigurationList = AF247CC719BDEFF500AF94CE /* Build configuration list for PBXProject "DropboxSimpleOAuth" */;
			compatibilityVersion = "Xcode 3.2";
			developmentRegion = English;
			hasScannedForEncodings = 0;
			knownRegions = (
				en,
				Base,
			);
			mainGroup = AF247CC319BDEFF500AF94CE;
			productRefGroup = AF247CCD19BDEFF500AF94CE /* Products */;
			projectDirPath = "";
			projectRoot = "";
			targets = (
				94CE92411EB569EE00648AAA /* DemoApp */,
				9449350B1EB563500010F65A /* DropboxSimpleOAuth */,
				944935171EB563780010F65A /* Specs */,
			);
		};
/* End PBXProject section */

/* Begin PBXResourcesBuildPhase section */
		9449350A1EB563500010F65A /* Resources */ = {
			isa = PBXResourcesBuildPhase;
			buildActionMask = 2147483647;
			files = (
				944935391EB566260010F65A /* DropboxSimpleOAuthViewController.xib in Resources */,
			);
			runOnlyForDeploymentPostprocessing = 0;
		};
		944935161EB563780010F65A /* Resources */ = {
			isa = PBXResourcesBuildPhase;
			buildActionMask = 2147483647;
			files = (
			);
			runOnlyForDeploymentPostprocessing = 0;
		};
		94CE92401EB569EE00648AAA /* Resources */ = {
			isa = PBXResourcesBuildPhase;
			buildActionMask = 2147483647;
			files = (
				94CE92541EB569EE00648AAA /* LaunchScreen.storyboard in Resources */,
				94CE92511EB569EE00648AAA /* Assets.xcassets in Resources */,
				94CE924F1EB569EE00648AAA /* Main.storyboard in Resources */,
			);
			runOnlyForDeploymentPostprocessing = 0;
		};
/* End PBXResourcesBuildPhase section */

/* Begin PBXShellScriptBuildPhase section */
		54406945E7F02D32C639351C /* [CP] Embed Pods Frameworks */ = {
			isa = PBXShellScriptBuildPhase;
			buildActionMask = 2147483647;
			files = (
			);
			inputPaths = (
			);
			name = "[CP] Embed Pods Frameworks";
			outputPaths = (
			);
			runOnlyForDeploymentPostprocessing = 0;
			shellPath = /bin/sh;
			shellScript = "\"${SRCROOT}/Pods/Target Support Files/Pods-Specs/Pods-Specs-frameworks.sh\"\n";
			showEnvVarsInLog = 0;
		};
		7103906964585E91989A4865 /* [CP] Copy Pods Resources */ = {
			isa = PBXShellScriptBuildPhase;
			buildActionMask = 2147483647;
			files = (
			);
			inputPaths = (
			);
			name = "[CP] Copy Pods Resources";
			outputPaths = (
			);
			runOnlyForDeploymentPostprocessing = 0;
			shellPath = /bin/sh;
			shellScript = "\"${SRCROOT}/Pods/Target Support Files/Pods-Specs/Pods-Specs-resources.sh\"\n";
			showEnvVarsInLog = 0;
		};
		C35C93CD09AC79C1A35CB6A4 /* [CP] Check Pods Manifest.lock */ = {
			isa = PBXShellScriptBuildPhase;
			buildActionMask = 2147483647;
			files = (
			);
			inputPaths = (
			);
			name = "[CP] Check Pods Manifest.lock";
			outputPaths = (
			);
			runOnlyForDeploymentPostprocessing = 0;
			shellPath = /bin/sh;
			shellScript = "diff \"${PODS_PODFILE_DIR_PATH}/Podfile.lock\" \"${PODS_ROOT}/Manifest.lock\" > /dev/null\nif [ $? != 0 ] ; then\n    # print error to STDERR\n    echo \"error: The sandbox is not in sync with the Podfile.lock. Run 'pod install' or update your CocoaPods installation.\" >&2\n    exit 1\nfi\n";
			showEnvVarsInLog = 0;
		};
/* End PBXShellScriptBuildPhase section */

/* Begin PBXSourcesBuildPhase section */
		944935071EB563500010F65A /* Sources */ = {
			isa = PBXSourcesBuildPhase;
			buildActionMask = 2147483647;
			files = (
				944935331EB566260010F65A /* DropboxConstants.m in Sources */,
				9449353B1EB566260010F65A /* DropboxTokenParameters.m in Sources */,
				944935381EB566260010F65A /* DropboxSimpleOAuthViewController.m in Sources */,
				944935311EB566260010F65A /* DropboxAuthenticationManager.m in Sources */,
				944935351EB566260010F65A /* DropboxLoginResponse.m in Sources */,
			);
			runOnlyForDeploymentPostprocessing = 0;
		};
		944935141EB563780010F65A /* Sources */ = {
			isa = PBXSourcesBuildPhase;
			buildActionMask = 2147483647;
			files = (
				94CE92911EB6294600648AAA /* DropboxSimpleOAuthViewControllerSpecs.m in Sources */,
				94CE92831EB56E6900648AAA /* DropboxAuthenticationManagerSpecs.m in Sources */,
				94CE92791EB56E4A00648AAA /* FakeDropboxOAuthResponse.m in Sources */,
				94CE927D1EB56E5D00648AAA /* NSLayoutConstraint+TestUtils.m in Sources */,
				94CE92871EB56E6900648AAA /* DropboxTokenParametersSpecs.m in Sources */,
				94CE927A1EB56E4A00648AAA /* FakeSimpleOAuth2AuthenticationManager.m in Sources */,
				94CE92841EB56E6900648AAA /* DropboxLoginResponseSpecs.m in Sources */,
				94CE92781EB56E4A00648AAA /* FakeDropboxAuthenticationManager.m in Sources */,
				94CE92931EB62C2900648AAA /* DropboxSimpleOAuthViewControllerXibSpecs.m in Sources */,
			);
			runOnlyForDeploymentPostprocessing = 0;
		};
		94CE923E1EB569EE00648AAA /* Sources */ = {
			isa = PBXSourcesBuildPhase;
			buildActionMask = 2147483647;
			files = (
				94CE92631EB56B5300648AAA /* AppDelegate.m in Sources */,
				94CE925F1EB56AFE00648AAA /* JustAViewController.m in Sources */,
				94CE92601EB56AFE00648AAA /* MainViewController.m in Sources */,
				94CE92461EB569EE00648AAA /* main.m in Sources */,
			);
			runOnlyForDeploymentPostprocessing = 0;
		};
/* End PBXSourcesBuildPhase section */

/* Begin PBXTargetDependency section */
		9449351F1EB563780010F65A /* PBXTargetDependency */ = {
			isa = PBXTargetDependency;
			target = 9449350B1EB563500010F65A /* DropboxSimpleOAuth */;
			targetProxy = 9449351E1EB563780010F65A /* PBXContainerItemProxy */;
		};
		94CE926D1EB56C8C00648AAA /* PBXTargetDependency */ = {
			isa = PBXTargetDependency;
			target = 9449350B1EB563500010F65A /* DropboxSimpleOAuth */;
			targetProxy = 94CE926C1EB56C8C00648AAA /* PBXContainerItemProxy */;
		};
/* End PBXTargetDependency section */

/* Begin PBXVariantGroup section */
		94CE924D1EB569EE00648AAA /* Main.storyboard */ = {
			isa = PBXVariantGroup;
			children = (
				94CE924E1EB569EE00648AAA /* Base */,
			);
			name = Main.storyboard;
			sourceTree = "<group>";
		};
		94CE92521EB569EE00648AAA /* LaunchScreen.storyboard */ = {
			isa = PBXVariantGroup;
			children = (
				94CE92531EB569EE00648AAA /* Base */,
			);
			name = LaunchScreen.storyboard;
			sourceTree = "<group>";
		};
/* End PBXVariantGroup section */

/* Begin XCBuildConfiguration section */
		944935121EB563500010F65A /* Debug */ = {
			isa = XCBuildConfiguration;
			buildSettings = {
				CLANG_ANALYZER_NONNULL = YES;
				CLANG_ANALYZER_NUMBER_OBJECT_CONVERSION = YES_AGGRESSIVE;
				CLANG_WARN_DOCUMENTATION_COMMENTS = YES;
				CODE_SIGN_IDENTITY = "";
				CURRENT_PROJECT_VERSION = 1;
				DEBUG_INFORMATION_FORMAT = dwarf;
				DEFINES_MODULE = YES;
				DYLIB_COMPATIBILITY_VERSION = 1;
				DYLIB_CURRENT_VERSION = 1;
				DYLIB_INSTALL_NAME_BASE = "@rpath";
				FRAMEWORK_SEARCH_PATHS = (
					"$(inherited)",
					"$(PROJECT_DIR)/Carthage/Build/iOS",
				);
				INFOPLIST_FILE = DropboxSimpleOAuth/Info.plist;
				INSTALL_PATH = "$(LOCAL_LIBRARY_DIR)/Frameworks";
				IPHONEOS_DEPLOYMENT_TARGET = 8.0;
				LD_RUNPATH_SEARCH_PATHS = "$(inherited) @executable_path/Frameworks @loader_path/Frameworks";
				MTL_ENABLE_DEBUG_INFO = YES;
				PRODUCT_BUNDLE_IDENTIFIER = com.rkb.DropboxSimpleOAuth;
				PRODUCT_NAME = "$(TARGET_NAME)";
				SKIP_INSTALL = YES;
				VERSIONING_SYSTEM = "apple-generic";
				VERSION_INFO_PREFIX = "";
			};
			name = Debug;
		};
		944935131EB563500010F65A /* Release */ = {
			isa = XCBuildConfiguration;
			buildSettings = {
				CLANG_ANALYZER_NONNULL = YES;
				CLANG_ANALYZER_NUMBER_OBJECT_CONVERSION = YES_AGGRESSIVE;
				CLANG_WARN_DOCUMENTATION_COMMENTS = YES;
				CODE_SIGN_IDENTITY = "";
				COPY_PHASE_STRIP = NO;
				CURRENT_PROJECT_VERSION = 1;
				DEBUG_INFORMATION_FORMAT = "dwarf-with-dsym";
				DEFINES_MODULE = YES;
				DYLIB_COMPATIBILITY_VERSION = 1;
				DYLIB_CURRENT_VERSION = 1;
				DYLIB_INSTALL_NAME_BASE = "@rpath";
				FRAMEWORK_SEARCH_PATHS = (
					"$(inherited)",
					"$(PROJECT_DIR)/Carthage/Build/iOS",
				);
				INFOPLIST_FILE = DropboxSimpleOAuth/Info.plist;
				INSTALL_PATH = "$(LOCAL_LIBRARY_DIR)/Frameworks";
				IPHONEOS_DEPLOYMENT_TARGET = 8.0;
				LD_RUNPATH_SEARCH_PATHS = "$(inherited) @executable_path/Frameworks @loader_path/Frameworks";
				MTL_ENABLE_DEBUG_INFO = NO;
				PRODUCT_BUNDLE_IDENTIFIER = com.rkb.DropboxSimpleOAuth;
				PRODUCT_NAME = "$(TARGET_NAME)";
				SKIP_INSTALL = YES;
				VERSIONING_SYSTEM = "apple-generic";
				VERSION_INFO_PREFIX = "";
			};
			name = Release;
		};
		944935211EB563780010F65A /* Debug */ = {
			isa = XCBuildConfiguration;
			baseConfigurationReference = 09B47B185211B85E07784ED3 /* Pods-Specs.debug.xcconfig */;
			buildSettings = {
				CLANG_ANALYZER_NONNULL = YES;
				CLANG_ANALYZER_NUMBER_OBJECT_CONVERSION = YES_AGGRESSIVE;
				CLANG_WARN_DOCUMENTATION_COMMENTS = YES;
				DEBUG_INFORMATION_FORMAT = dwarf;
				FRAMEWORK_SEARCH_PATHS = (
					"$(inherited)",
					"$(PROJECT_DIR)/Carthage/Build/iOS",
				);
				INFOPLIST_FILE = Specs/Info.plist;
				IPHONEOS_DEPLOYMENT_TARGET = 10.3;
				LD_RUNPATH_SEARCH_PATHS = "$(inherited) @executable_path/Frameworks @loader_path/Frameworks";
				MTL_ENABLE_DEBUG_INFO = YES;
				PRODUCT_BUNDLE_IDENTIFIER = com.rkb.Specs;
				PRODUCT_NAME = "$(TARGET_NAME)";
			};
			name = Debug;
		};
		944935221EB563780010F65A /* Release */ = {
			isa = XCBuildConfiguration;
			baseConfigurationReference = D28FCBC21B2E22859884552A /* Pods-Specs.release.xcconfig */;
			buildSettings = {
				CLANG_ANALYZER_NONNULL = YES;
				CLANG_ANALYZER_NUMBER_OBJECT_CONVERSION = YES_AGGRESSIVE;
				CLANG_WARN_DOCUMENTATION_COMMENTS = YES;
				COPY_PHASE_STRIP = NO;
				DEBUG_INFORMATION_FORMAT = "dwarf-with-dsym";
				FRAMEWORK_SEARCH_PATHS = (
					"$(inherited)",
					"$(PROJECT_DIR)/Carthage/Build/iOS",
				);
				INFOPLIST_FILE = Specs/Info.plist;
				IPHONEOS_DEPLOYMENT_TARGET = 10.3;
				LD_RUNPATH_SEARCH_PATHS = "$(inherited) @executable_path/Frameworks @loader_path/Frameworks";
				MTL_ENABLE_DEBUG_INFO = NO;
				PRODUCT_BUNDLE_IDENTIFIER = com.rkb.Specs;
				PRODUCT_NAME = "$(TARGET_NAME)";
			};
			name = Release;
		};
		94CE92571EB569EE00648AAA /* Debug */ = {
			isa = XCBuildConfiguration;
			buildSettings = {
				ASSETCATALOG_COMPILER_APPICON_NAME = AppIcon;
				CLANG_ANALYZER_NONNULL = YES;
				CLANG_ANALYZER_NUMBER_OBJECT_CONVERSION = YES_AGGRESSIVE;
				CLANG_WARN_DOCUMENTATION_COMMENTS = YES;
				DEBUG_INFORMATION_FORMAT = dwarf;
				FRAMEWORK_SEARCH_PATHS = (
					"$(inherited)",
					"$(PROJECT_DIR)/Carthage/Build/iOS",
				);
				INFOPLIST_FILE = DemoApp/Info.plist;
				IPHONEOS_DEPLOYMENT_TARGET = 8.0;
				LD_RUNPATH_SEARCH_PATHS = "$(inherited) @executable_path/Frameworks";
				MTL_ENABLE_DEBUG_INFO = YES;
				PRODUCT_BUNDLE_IDENTIFIER = com.rkb.DemoApp;
				PRODUCT_NAME = "$(TARGET_NAME)";
			};
			name = Debug;
		};
		94CE92581EB569EE00648AAA /* Release */ = {
			isa = XCBuildConfiguration;
			buildSettings = {
				ASSETCATALOG_COMPILER_APPICON_NAME = AppIcon;
				CLANG_ANALYZER_NONNULL = YES;
				CLANG_ANALYZER_NUMBER_OBJECT_CONVERSION = YES_AGGRESSIVE;
				CLANG_WARN_DOCUMENTATION_COMMENTS = YES;
				COPY_PHASE_STRIP = NO;
				DEBUG_INFORMATION_FORMAT = "dwarf-with-dsym";
				FRAMEWORK_SEARCH_PATHS = (
					"$(inherited)",
					"$(PROJECT_DIR)/Carthage/Build/iOS",
				);
				INFOPLIST_FILE = DemoApp/Info.plist;
				IPHONEOS_DEPLOYMENT_TARGET = 8.0;
				LD_RUNPATH_SEARCH_PATHS = "$(inherited) @executable_path/Frameworks";
				MTL_ENABLE_DEBUG_INFO = NO;
				PRODUCT_BUNDLE_IDENTIFIER = com.rkb.DemoApp;
				PRODUCT_NAME = "$(TARGET_NAME)";
			};
			name = Release;
		};
		AF247CFF19BDEFF500AF94CE /* Debug */ = {
			isa = XCBuildConfiguration;
			buildSettings = {
				ALWAYS_SEARCH_USER_PATHS = NO;
				CLANG_CXX_LANGUAGE_STANDARD = "gnu++0x";
				CLANG_CXX_LIBRARY = "libc++";
				CLANG_ENABLE_MODULES = YES;
				CLANG_ENABLE_OBJC_ARC = YES;
				CLANG_WARN_BOOL_CONVERSION = YES;
				CLANG_WARN_CONSTANT_CONVERSION = YES;
				CLANG_WARN_DIRECT_OBJC_ISA_USAGE = YES_ERROR;
				CLANG_WARN_EMPTY_BODY = YES;
				CLANG_WARN_ENUM_CONVERSION = YES;
				CLANG_WARN_INFINITE_RECURSION = YES;
				CLANG_WARN_INT_CONVERSION = YES;
				CLANG_WARN_OBJC_ROOT_CLASS = YES_ERROR;
				CLANG_WARN_SUSPICIOUS_MOVE = YES;
				CLANG_WARN_UNREACHABLE_CODE = YES;
				CLANG_WARN__DUPLICATE_METHOD_MATCH = YES;
				"CODE_SIGN_IDENTITY[sdk=iphoneos*]" = "iPhone Developer";
				COPY_PHASE_STRIP = NO;
				ENABLE_STRICT_OBJC_MSGSEND = YES;
				ENABLE_TESTABILITY = YES;
				GCC_C_LANGUAGE_STANDARD = gnu99;
				GCC_DYNAMIC_NO_PIC = NO;
				GCC_NO_COMMON_BLOCKS = YES;
				GCC_OPTIMIZATION_LEVEL = 0;
				GCC_PREPROCESSOR_DEFINITIONS = (
					"DEBUG=1",
					"$(inherited)",
				);
				GCC_SYMBOLS_PRIVATE_EXTERN = NO;
				GCC_WARN_64_TO_32_BIT_CONVERSION = YES;
				GCC_WARN_ABOUT_RETURN_TYPE = YES_ERROR;
				GCC_WARN_UNDECLARED_SELECTOR = YES;
				GCC_WARN_UNINITIALIZED_AUTOS = YES_AGGRESSIVE;
				GCC_WARN_UNUSED_FUNCTION = YES;
				GCC_WARN_UNUSED_VARIABLE = YES;
				IPHONEOS_DEPLOYMENT_TARGET = 8.0;
				ONLY_ACTIVE_ARCH = YES;
				SDKROOT = iphoneos;
				TARGETED_DEVICE_FAMILY = "1,2";
			};
			name = Debug;
		};
		AF247D0019BDEFF500AF94CE /* Release */ = {
			isa = XCBuildConfiguration;
			buildSettings = {
				ALWAYS_SEARCH_USER_PATHS = NO;
				CLANG_CXX_LANGUAGE_STANDARD = "gnu++0x";
				CLANG_CXX_LIBRARY = "libc++";
				CLANG_ENABLE_MODULES = YES;
				CLANG_ENABLE_OBJC_ARC = YES;
				CLANG_WARN_BOOL_CONVERSION = YES;
				CLANG_WARN_CONSTANT_CONVERSION = YES;
				CLANG_WARN_DIRECT_OBJC_ISA_USAGE = YES_ERROR;
				CLANG_WARN_EMPTY_BODY = YES;
				CLANG_WARN_ENUM_CONVERSION = YES;
				CLANG_WARN_INFINITE_RECURSION = YES;
				CLANG_WARN_INT_CONVERSION = YES;
				CLANG_WARN_OBJC_ROOT_CLASS = YES_ERROR;
				CLANG_WARN_SUSPICIOUS_MOVE = YES;
				CLANG_WARN_UNREACHABLE_CODE = YES;
				CLANG_WARN__DUPLICATE_METHOD_MATCH = YES;
				"CODE_SIGN_IDENTITY[sdk=iphoneos*]" = "iPhone Developer";
				COPY_PHASE_STRIP = YES;
				ENABLE_NS_ASSERTIONS = NO;
				ENABLE_STRICT_OBJC_MSGSEND = YES;
				GCC_C_LANGUAGE_STANDARD = gnu99;
				GCC_NO_COMMON_BLOCKS = YES;
				GCC_WARN_64_TO_32_BIT_CONVERSION = YES;
				GCC_WARN_ABOUT_RETURN_TYPE = YES_ERROR;
				GCC_WARN_UNDECLARED_SELECTOR = YES;
				GCC_WARN_UNINITIALIZED_AUTOS = YES_AGGRESSIVE;
				GCC_WARN_UNUSED_FUNCTION = YES;
				GCC_WARN_UNUSED_VARIABLE = YES;
				IPHONEOS_DEPLOYMENT_TARGET = 8.0;
				SDKROOT = iphoneos;
				TARGETED_DEVICE_FAMILY = "1,2";
				VALIDATE_PRODUCT = YES;
			};
			name = Release;
		};
/* End XCBuildConfiguration section */

/* Begin XCConfigurationList section */
		944935111EB563500010F65A /* Build configuration list for PBXNativeTarget "DropboxSimpleOAuth" */ = {
			isa = XCConfigurationList;
			buildConfigurations = (
				944935121EB563500010F65A /* Debug */,
				944935131EB563500010F65A /* Release */,
			);
			defaultConfigurationIsVisible = 0;
			defaultConfigurationName = Release;
		};
		944935201EB563780010F65A /* Build configuration list for PBXNativeTarget "Specs" */ = {
			isa = XCConfigurationList;
			buildConfigurations = (
				944935211EB563780010F65A /* Debug */,
				944935221EB563780010F65A /* Release */,
			);
			defaultConfigurationIsVisible = 0;
			defaultConfigurationName = Release;
		};
		94CE92561EB569EE00648AAA /* Build configuration list for PBXNativeTarget "DemoApp" */ = {
			isa = XCConfigurationList;
			buildConfigurations = (
				94CE92571EB569EE00648AAA /* Debug */,
				94CE92581EB569EE00648AAA /* Release */,
			);
			defaultConfigurationIsVisible = 0;
			defaultConfigurationName = Release;
		};
		AF247CC719BDEFF500AF94CE /* Build configuration list for PBXProject "DropboxSimpleOAuth" */ = {
			isa = XCConfigurationList;
			buildConfigurations = (
				AF247CFF19BDEFF500AF94CE /* Debug */,
				AF247D0019BDEFF500AF94CE /* Release */,
			);
			defaultConfigurationIsVisible = 0;
			defaultConfigurationName = Release;
		};
/* End XCConfigurationList section */
	};
	rootObject = AF247CC419BDEFF500AF94CE /* Project object */;
}
